// !$*UTF8*$!
{
	archiveVersion = 1;
	classes = {
	};
	objectVersion = 46;
	objects = {

/* Begin PBXBuildFile section */
		0000C48F1BC9D0740097A1F9 /* AboutViewController.swift in Sources */ = {isa = PBXBuildFile; fileRef = 0000C48E1BC9D0740097A1F9 /* AboutViewController.swift */; };
		0000C4931BC9D9AC0097A1F9 /* InstructionsViewController.swift in Sources */ = {isa = PBXBuildFile; fileRef = 0000C4921BC9D9AC0097A1F9 /* InstructionsViewController.swift */; };
		0002D5A21D0A0BCC00264BD2 /* Ahtna.plist in Resources */ = {isa = PBXBuildFile; fileRef = 0002D5A11D0A0BCC00264BD2 /* Ahtna.plist */; };
		0002D5A41D0A0C5700264BD2 /* Eyak.plist in Resources */ = {isa = PBXBuildFile; fileRef = 0002D5A31D0A0C5700264BD2 /* Eyak.plist */; };
		0002D5A61D0A0D4900264BD2 /* Gwichin.plist in Resources */ = {isa = PBXBuildFile; fileRef = 0002D5A51D0A0D4900264BD2 /* Gwichin.plist */; };
		0002D5A81D0A0E2C00264BD2 /* Han.plist in Resources */ = {isa = PBXBuildFile; fileRef = 0002D5A71D0A0E2C00264BD2 /* Han.plist */; };
		0002D5AA1D0A0F7300264BD2 /* Holikachunk.plist in Resources */ = {isa = PBXBuildFile; fileRef = 0002D5A91D0A0F7300264BD2 /* Holikachunk.plist */; };
		0002D5AC1D0A0F9A00264BD2 /* Koyukon.plist in Resources */ = {isa = PBXBuildFile; fileRef = 0002D5AB1D0A0F9A00264BD2 /* Koyukon.plist */; };
		0002D5AE1D0A0FDE00264BD2 /* Smalgyax_Tsimshian.plist in Resources */ = {isa = PBXBuildFile; fileRef = 0002D5AD1D0A0FDE00264BD2 /* Smalgyax_Tsimshian.plist */; };
		0002D5B01D0A10E100264BD2 /* Sugtstun_Sugpiaq_Alutiiq.plist in Resources */ = {isa = PBXBuildFile; fileRef = 0002D5AF1D0A10E100264BD2 /* Sugtstun_Sugpiaq_Alutiiq.plist */; };
		0002D5B21D0A112400264BD2 /* Tanana(Lower).plist in Resources */ = {isa = PBXBuildFile; fileRef = 0002D5B11D0A112400264BD2 /* Tanana(Lower).plist */; };
		0002D5B41D0A117C00264BD2 /* Tanacross.plist in Resources */ = {isa = PBXBuildFile; fileRef = 0002D5B31D0A117C00264BD2 /* Tanacross.plist */; };
		0002D5B61D0A124900264BD2 /* Kusko(Upper).plist in Resources */ = {isa = PBXBuildFile; fileRef = 0002D5B51D0A124900264BD2 /* Kusko(Upper).plist */; };
		0002D5B81D0A128A00264BD2 /* Tanana(Upper).plist in Resources */ = {isa = PBXBuildFile; fileRef = 0002D5B71D0A128A00264BD2 /* Tanana(Upper).plist */; };
		0022CE5A1C3638A800CD7541 /* background.png in Resources */ = {isa = PBXBuildFile; fileRef = 0022CE591C3638A800CD7541 /* background.png */; };
		00B860AF1C71043900C8A47A /* Haida.plist in Resources */ = {isa = PBXBuildFile; fileRef = 00B860AE1C71043900C8A47A /* Haida.plist */; };
		00B860B11C71424600C8A47A /* Tlingit.plist in Resources */ = {isa = PBXBuildFile; fileRef = 00B860B01C71424600C8A47A /* Tlingit.plist */; };
		00B860B31C71437200C8A47A /* Dena'ina.plist in Resources */ = {isa = PBXBuildFile; fileRef = 00B860B21C71437200C8A47A /* Dena'ina.plist */; };
		00B860B51C71572600C8A47A /* Unangan.plist in Resources */ = {isa = PBXBuildFile; fileRef = 00B860B41C71572600C8A47A /* Unangan.plist */; };
		00B860B71C71576B00C8A47A /* DegXinag.plist in Resources */ = {isa = PBXBuildFile; fileRef = 00B860B61C71576B00C8A47A /* DegXinag.plist */; };
		00D05C6B1C2C8246005D5444 /* CYRKeyboardButton.m in Sources */ = {isa = PBXBuildFile; fileRef = 00D05C661C2C8246005D5444 /* CYRKeyboardButton.m */; };
		00D05C6C1C2C8246005D5444 /* CYRKeyboardButtonView.m in Sources */ = {isa = PBXBuildFile; fileRef = 00D05C681C2C8246005D5444 /* CYRKeyboardButtonView.m */; };
		00D05C6D1C2C8246005D5444 /* TurtleBezierPath.m in Sources */ = {isa = PBXBuildFile; fileRef = 00D05C6A1C2C8246005D5444 /* TurtleBezierPath.m */; };
		00EFFCBF1C29E651000BC823 /* Main.storyboard in Resources */ = {isa = PBXBuildFile; fileRef = 00EFFCBD1C29E651000BC823 /* Main.storyboard */; };
		00EFFCC31C29EC73000BC823 /* Localizable.strings in Resources */ = {isa = PBXBuildFile; fileRef = 00EFFCC51C29EC73000BC823 /* Localizable.strings */; };
		00FC83D11C70712900FB2883 /* Inupiaq.plist in Resources */ = {isa = PBXBuildFile; fileRef = 00FC83D01C70712900FB2883 /* Inupiaq.plist */; };
		4E00A6E5197183EE009414F2 /* KeyboardKey.swift in Sources */ = {isa = PBXBuildFile; fileRef = 4E807DC81946209600D875D1 /* KeyboardKey.swift */; };
		4E3B5A941A0654A8003366F6 /* KeyboardInputTraits.swift in Sources */ = {isa = PBXBuildFile; fileRef = 4E3B5A931A0654A8003366F6 /* KeyboardInputTraits.swift */; };
		4E52A6D21A06A61F006A08CE /* ImageKey.swift in Sources */ = {isa = PBXBuildFile; fileRef = 4E52A6D11A06A61F006A08CE /* ImageKey.swift */; };
		4E52A6D41A06A626006A08CE /* ExtraView.swift in Sources */ = {isa = PBXBuildFile; fileRef = 4E52A6D31A06A626006A08CE /* ExtraView.swift */; };
		4E52A6D61A06BADA006A08CE /* Media.xcassets in Resources */ = {isa = PBXBuildFile; fileRef = 4E52A6D51A06BADA006A08CE /* Media.xcassets */; };
		4E52A6D81A06C16C006A08CE /* DefaultSettings.swift in Sources */ = {isa = PBXBuildFile; fileRef = 4E52A6D71A06C16C006A08CE /* DefaultSettings.swift */; };
		4E52A6DA1A06C198006A08CE /* DefaultSettings.xib in Resources */ = {isa = PBXBuildFile; fileRef = 4E52A6D91A06C198006A08CE /* DefaultSettings.xib */; };
		4E5B67A2196E03B700114361 /* KeyboardModel.swift in Sources */ = {isa = PBXBuildFile; fileRef = 4E5B67A1196E03B700114361 /* KeyboardModel.swift */; };
		4E60A13A1979FA5C00854CC8 /* KeyboardKeyBackground.swift in Sources */ = {isa = PBXBuildFile; fileRef = 4E60A1391979FA5C00854CC8 /* KeyboardKeyBackground.swift */; };
		4E60A13C1979FA8E00854CC8 /* KeyboardConnector.swift in Sources */ = {isa = PBXBuildFile; fileRef = 4E60A13B1979FA8E00854CC8 /* KeyboardConnector.swift */; };
		4E60A13E1979FB2E00854CC8 /* DirectionEnum.swift in Sources */ = {isa = PBXBuildFile; fileRef = 4E60A13D1979FB2E00854CC8 /* DirectionEnum.swift */; };
		4E72C96819E04A7A00DFDDB0 /* AN-Languages.swift in Sources */ = {isa = PBXBuildFile; fileRef = 4E6AEE4B19D246D700931E8F /* AN-Languages.swift */; };
		4E807DC119461DC700D875D1 /* Keyboard.appex in Embed App Extensions */ = {isa = PBXBuildFile; fileRef = 4E807DB919461DC700D875D1 /* Keyboard.appex */; };
		4E8EF38619F95D75009CBF5D /* KeyboardFramework.h in Headers */ = {isa = PBXBuildFile; fileRef = 4E8EF38519F95D75009CBF5D /* KeyboardFramework.h */; settings = {ATTRIBUTES = (Public, ); }; };
		4E8EF39819F95D75009CBF5D /* KeyboardFramework.framework in Frameworks */ = {isa = PBXBuildFile; fileRef = 4E8EF38119F95D74009CBF5D /* KeyboardFramework.framework */; };
		4E8EF39919F95D75009CBF5D /* KeyboardFramework.framework in Embed Frameworks */ = {isa = PBXBuildFile; fileRef = 4E8EF38119F95D74009CBF5D /* KeyboardFramework.framework */; settings = {ATTRIBUTES = (CodeSignOnCopy, RemoveHeadersOnCopy, ); }; };
		4E8EF3A019F95D93009CBF5D /* KeyboardFramework.framework in Frameworks */ = {isa = PBXBuildFile; fileRef = 4E8EF38119F95D74009CBF5D /* KeyboardFramework.framework */; };
		4EC2A46D19DF811E00F789E1 /* KeyboardViewController.swift in Sources */ = {isa = PBXBuildFile; fileRef = 4EC2A46919DF811E00F789E1 /* KeyboardViewController.swift */; };
		4EC2A46E19DF811E00F789E1 /* KeyboardLayout.swift in Sources */ = {isa = PBXBuildFile; fileRef = 4EC2A46A19DF811E00F789E1 /* KeyboardLayout.swift */; };
		4EC2A47019DF811E00F789E1 /* ForwardingView.swift in Sources */ = {isa = PBXBuildFile; fileRef = 4EC2A46C19DF811E00F789E1 /* ForwardingView.swift */; };
		4ECBD90219F16DC7004FA2A3 /* KeyboardBuilder.swift in Sources */ = {isa = PBXBuildFile; fileRef = 4ECBD90119F16DC7004FA2A3 /* KeyboardBuilder.swift */; };
		4EE7599B19F75A0D00B4E6ED /* Utilities.swift in Sources */ = {isa = PBXBuildFile; fileRef = 4EE7599A19F75A0D00B4E6ED /* Utilities.swift */; };
		4EEFD78919E0DC6B004D4974 /* Banner.swift in Sources */ = {isa = PBXBuildFile; fileRef = 4EEFD78819E0DC6B004D4974 /* Banner.swift */; };
		4EEFD78B19E0DF15004D4974 /* Shapes.swift in Sources */ = {isa = PBXBuildFile; fileRef = 4EEFD78A19E0DF15004D4974 /* Shapes.swift */; };
		4EF16F9619D255030076AFCB /* Images.xcassets in Resources */ = {isa = PBXBuildFile; fileRef = 4EF16F9319D255030076AFCB /* Images.xcassets */; };
		4EF16F9819D255030076AFCB /* InstallViewController.swift in Sources */ = {isa = PBXBuildFile; fileRef = 4EF16F9519D255030076AFCB /* InstallViewController.swift */; };
		4EF16F9B19D2550D0076AFCB /* AppDelegate.swift in Sources */ = {isa = PBXBuildFile; fileRef = 4EF16F9A19D2550D0076AFCB /* AppDelegate.swift */; };
/* End PBXBuildFile section */

/* Begin PBXContainerItemProxy section */
		4E807DBF19461DC700D875D1 /* PBXContainerItemProxy */ = {
			isa = PBXContainerItemProxy;
			containerPortal = 4E807D8B19461D9000D875D1 /* Project object */;
			proxyType = 1;
			remoteGlobalIDString = 4E807DB819461DC700D875D1;
			remoteInfo = Keyboard;
		};
		4E807DC219461DC700D875D1 /* PBXContainerItemProxy */ = {
			isa = PBXContainerItemProxy;
			containerPortal = 4E807D8B19461D9000D875D1 /* Project object */;
			proxyType = 1;
			remoteGlobalIDString = 4E807DB819461DC700D875D1;
			remoteInfo = Keyboard;
		};
		4E8EF39619F95D75009CBF5D /* PBXContainerItemProxy */ = {
			isa = PBXContainerItemProxy;
			containerPortal = 4E807D8B19461D9000D875D1 /* Project object */;
			proxyType = 1;
			remoteGlobalIDString = 4E8EF38019F95D74009CBF5D;
			remoteInfo = KeyboardFramework;
		};
		4E8EF3A119F95D9C009CBF5D /* PBXContainerItemProxy */ = {
			isa = PBXContainerItemProxy;
			containerPortal = 4E807D8B19461D9000D875D1 /* Project object */;
			proxyType = 1;
			remoteGlobalIDString = 4E8EF38019F95D74009CBF5D;
			remoteInfo = KeyboardFramework;
		};
/* End PBXContainerItemProxy section */

/* Begin PBXCopyFilesBuildPhase section */
		4E5B67C4196E07B300114361 /* Embed Frameworks */ = {
			isa = PBXCopyFilesBuildPhase;
			buildActionMask = 2147483647;
			dstPath = "";
			dstSubfolderSpec = 10;
			files = (
				4E8EF39919F95D75009CBF5D /* KeyboardFramework.framework in Embed Frameworks */,
			);
			name = "Embed Frameworks";
			runOnlyForDeploymentPostprocessing = 0;
		};
		4E807DC719461DC700D875D1 /* Embed App Extensions */ = {
			isa = PBXCopyFilesBuildPhase;
			buildActionMask = 2147483647;
			dstPath = "";
			dstSubfolderSpec = 13;
			files = (
				4E807DC119461DC700D875D1 /* Keyboard.appex in Embed App Extensions */,
			);
			name = "Embed App Extensions";
			runOnlyForDeploymentPostprocessing = 0;
		};
/* End PBXCopyFilesBuildPhase section */

/* Begin PBXFileReference section */
		0000C48E1BC9D0740097A1F9 /* AboutViewController.swift */ = {isa = PBXFileReference; fileEncoding = 4; lastKnownFileType = sourcecode.swift; path = AboutViewController.swift; sourceTree = "<group>"; };
		0000C4921BC9D9AC0097A1F9 /* InstructionsViewController.swift */ = {isa = PBXFileReference; fileEncoding = 4; lastKnownFileType = sourcecode.swift; path = InstructionsViewController.swift; sourceTree = "<group>"; };
		0002D5A11D0A0BCC00264BD2 /* Ahtna.plist */ = {isa = PBXFileReference; fileEncoding = 4; lastKnownFileType = text.plist.xml; path = Ahtna.plist; sourceTree = "<group>"; };
		0002D5A31D0A0C5700264BD2 /* Eyak.plist */ = {isa = PBXFileReference; fileEncoding = 4; lastKnownFileType = text.plist.xml; path = Eyak.plist; sourceTree = "<group>"; };
		0002D5A51D0A0D4900264BD2 /* Gwichin.plist */ = {isa = PBXFileReference; fileEncoding = 4; lastKnownFileType = text.plist.xml; path = Gwichin.plist; sourceTree = "<group>"; };
		0002D5A71D0A0E2C00264BD2 /* Han.plist */ = {isa = PBXFileReference; fileEncoding = 4; lastKnownFileType = text.plist.xml; path = Han.plist; sourceTree = "<group>"; };
		0002D5A91D0A0F7300264BD2 /* Holikachunk.plist */ = {isa = PBXFileReference; fileEncoding = 4; lastKnownFileType = text.plist.xml; path = Holikachunk.plist; sourceTree = "<group>"; };
		0002D5AB1D0A0F9A00264BD2 /* Koyukon.plist */ = {isa = PBXFileReference; fileEncoding = 4; lastKnownFileType = text.plist.xml; path = Koyukon.plist; sourceTree = "<group>"; };
		0002D5AD1D0A0FDE00264BD2 /* Smalgyax_Tsimshian.plist */ = {isa = PBXFileReference; fileEncoding = 4; lastKnownFileType = text.plist.xml; path = Smalgyax_Tsimshian.plist; sourceTree = "<group>"; };
		0002D5AF1D0A10E100264BD2 /* Sugtstun_Sugpiaq_Alutiiq.plist */ = {isa = PBXFileReference; fileEncoding = 4; lastKnownFileType = text.plist.xml; path = Sugtstun_Sugpiaq_Alutiiq.plist; sourceTree = "<group>"; };
		0002D5B11D0A112400264BD2 /* Tanana(Lower).plist */ = {isa = PBXFileReference; fileEncoding = 4; lastKnownFileType = text.plist.xml; path = "Tanana(Lower).plist"; sourceTree = "<group>"; };
		0002D5B31D0A117C00264BD2 /* Tanacross.plist */ = {isa = PBXFileReference; fileEncoding = 4; lastKnownFileType = text.plist.xml; path = Tanacross.plist; sourceTree = "<group>"; };
		0002D5B51D0A124900264BD2 /* Kusko(Upper).plist */ = {isa = PBXFileReference; fileEncoding = 4; lastKnownFileType = text.plist.xml; path = "Kusko(Upper).plist"; sourceTree = "<group>"; };
		0002D5B71D0A128A00264BD2 /* Tanana(Upper).plist */ = {isa = PBXFileReference; fileEncoding = 4; lastKnownFileType = text.plist.xml; path = "Tanana(Upper).plist"; sourceTree = "<group>"; };
		0022CE591C3638A800CD7541 /* background.png */ = {isa = PBXFileReference; lastKnownFileType = image.png; path = background.png; sourceTree = "<group>"; };
		00B860AE1C71043900C8A47A /* Haida.plist */ = {isa = PBXFileReference; fileEncoding = 4; lastKnownFileType = text.plist.xml; path = Haida.plist; sourceTree = "<group>"; };
		00B860B01C71424600C8A47A /* Tlingit.plist */ = {isa = PBXFileReference; fileEncoding = 4; lastKnownFileType = text.plist.xml; path = Tlingit.plist; sourceTree = "<group>"; };
		00B860B21C71437200C8A47A /* Dena'ina.plist */ = {isa = PBXFileReference; fileEncoding = 4; lastKnownFileType = text.plist.xml; path = "Dena'ina.plist"; sourceTree = "<group>"; };
		00B860B41C71572600C8A47A /* Unangan.plist */ = {isa = PBXFileReference; fileEncoding = 4; lastKnownFileType = text.plist.xml; path = Unangan.plist; sourceTree = "<group>"; };
		00B860B61C71576B00C8A47A /* DegXinag.plist */ = {isa = PBXFileReference; fileEncoding = 4; lastKnownFileType = text.plist.xml; path = DegXinag.plist; sourceTree = "<group>"; };
		00D05C641C2C8245005D5444 /* Keyboard-Bridging-Header.h */ = {isa = PBXFileReference; lastKnownFileType = sourcecode.c.h; path = "Keyboard-Bridging-Header.h"; sourceTree = "<group>"; };
		00D05C651C2C8246005D5444 /* CYRKeyboardButton.h */ = {isa = PBXFileReference; fileEncoding = 4; lastKnownFileType = sourcecode.c.h; name = CYRKeyboardButton.h; path = CYRKeyboardButton/CYRKeyboardButton.h; sourceTree = "<group>"; };
		00D05C661C2C8246005D5444 /* CYRKeyboardButton.m */ = {isa = PBXFileReference; fileEncoding = 4; lastKnownFileType = sourcecode.c.objc; name = CYRKeyboardButton.m; path = CYRKeyboardButton/CYRKeyboardButton.m; sourceTree = "<group>"; };
		00D05C671C2C8246005D5444 /* CYRKeyboardButtonView.h */ = {isa = PBXFileReference; fileEncoding = 4; lastKnownFileType = sourcecode.c.h; name = CYRKeyboardButtonView.h; path = CYRKeyboardButton/CYRKeyboardButtonView.h; sourceTree = "<group>"; };
		00D05C681C2C8246005D5444 /* CYRKeyboardButtonView.m */ = {isa = PBXFileReference; fileEncoding = 4; lastKnownFileType = sourcecode.c.objc; name = CYRKeyboardButtonView.m; path = CYRKeyboardButton/CYRKeyboardButtonView.m; sourceTree = "<group>"; };
		00D05C691C2C8246005D5444 /* TurtleBezierPath.h */ = {isa = PBXFileReference; fileEncoding = 4; lastKnownFileType = sourcecode.c.h; name = TurtleBezierPath.h; path = CYRKeyboardButton/TurtleBezierPath.h; sourceTree = "<group>"; };
		00D05C6A1C2C8246005D5444 /* TurtleBezierPath.m */ = {isa = PBXFileReference; fileEncoding = 4; lastKnownFileType = sourcecode.c.objc; name = TurtleBezierPath.m; path = CYRKeyboardButton/TurtleBezierPath.m; sourceTree = "<group>"; };
		00D05C6F1C2CDFD9005D5444 /* Base */ = {isa = PBXFileReference; lastKnownFileType = text.plist.strings; name = Base; path = Base.lproj/Localizable.strings; sourceTree = "<group>"; };
		00EFFCBE1C29E651000BC823 /* Base */ = {isa = PBXFileReference; lastKnownFileType = file.storyboard; name = Base; path = HostingApp/Base.lproj/Main.storyboard; sourceTree = "<group>"; };
		00FC83D01C70712900FB2883 /* Inupiaq.plist */ = {isa = PBXFileReference; fileEncoding = 4; lastKnownFileType = text.plist.xml; path = Inupiaq.plist; sourceTree = "<group>"; };
		4E3B5A931A0654A8003366F6 /* KeyboardInputTraits.swift */ = {isa = PBXFileReference; fileEncoding = 4; lastKnownFileType = sourcecode.swift; path = KeyboardInputTraits.swift; sourceTree = "<group>"; };
		4E52A6D11A06A61F006A08CE /* ImageKey.swift */ = {isa = PBXFileReference; fileEncoding = 4; lastKnownFileType = sourcecode.swift; path = ImageKey.swift; sourceTree = "<group>"; };
		4E52A6D31A06A626006A08CE /* ExtraView.swift */ = {isa = PBXFileReference; fileEncoding = 4; lastKnownFileType = sourcecode.swift; path = ExtraView.swift; sourceTree = "<group>"; };
		4E52A6D51A06BADA006A08CE /* Media.xcassets */ = {isa = PBXFileReference; lastKnownFileType = folder.assetcatalog; path = Media.xcassets; sourceTree = "<group>"; };
		4E52A6D71A06C16C006A08CE /* DefaultSettings.swift */ = {isa = PBXFileReference; fileEncoding = 4; lastKnownFileType = sourcecode.swift; path = DefaultSettings.swift; sourceTree = "<group>"; };
		4E52A6D91A06C198006A08CE /* DefaultSettings.xib */ = {isa = PBXFileReference; fileEncoding = 4; lastKnownFileType = file.xib; path = DefaultSettings.xib; sourceTree = "<group>"; };
		4E5B67A1196E03B700114361 /* KeyboardModel.swift */ = {isa = PBXFileReference; fileEncoding = 4; lastKnownFileType = sourcecode.swift; path = KeyboardModel.swift; sourceTree = "<group>"; };
		4E60A1391979FA5C00854CC8 /* KeyboardKeyBackground.swift */ = {isa = PBXFileReference; fileEncoding = 4; lastKnownFileType = sourcecode.swift; path = KeyboardKeyBackground.swift; sourceTree = "<group>"; };
		4E60A13B1979FA8E00854CC8 /* KeyboardConnector.swift */ = {isa = PBXFileReference; fileEncoding = 4; lastKnownFileType = sourcecode.swift; path = KeyboardConnector.swift; sourceTree = "<group>"; };
		4E60A13D1979FB2E00854CC8 /* DirectionEnum.swift */ = {isa = PBXFileReference; fileEncoding = 4; lastKnownFileType = sourcecode.swift; path = DirectionEnum.swift; sourceTree = "<group>"; };
		4E6AEE4B19D246D700931E8F /* AN-Languages.swift */ = {isa = PBXFileReference; fileEncoding = 4; lastKnownFileType = sourcecode.swift; path = "AN-Languages.swift"; sourceTree = "<group>"; };
		4E7CDF921A079E3E0015BB90 /* Info.plist */ = {isa = PBXFileReference; lastKnownFileType = text.plist; name = Info.plist; path = Keyboard/Info.plist; sourceTree = "<group>"; };
		4E807D9319461D9000D875D1 /* AN-Languages.app */ = {isa = PBXFileReference; explicitFileType = wrapper.application; includeInIndex = 0; path = "AN-Languages.app"; sourceTree = BUILT_PRODUCTS_DIR; };
		4E807DB919461DC700D875D1 /* Keyboard.appex */ = {isa = PBXFileReference; explicitFileType = "wrapper.app-extension"; includeInIndex = 0; path = Keyboard.appex; sourceTree = BUILT_PRODUCTS_DIR; };
		4E807DBC19461DC700D875D1 /* Info.plist */ = {isa = PBXFileReference; lastKnownFileType = text.plist.xml; path = Info.plist; sourceTree = "<group>"; };
		4E807DC81946209600D875D1 /* KeyboardKey.swift */ = {isa = PBXFileReference; fileEncoding = 4; lastKnownFileType = sourcecode.swift; path = KeyboardKey.swift; sourceTree = "<group>"; };
		4E8EF38119F95D74009CBF5D /* KeyboardFramework.framework */ = {isa = PBXFileReference; explicitFileType = wrapper.framework; includeInIndex = 0; path = KeyboardFramework.framework; sourceTree = BUILT_PRODUCTS_DIR; };
		4E8EF38419F95D75009CBF5D /* Info.plist */ = {isa = PBXFileReference; lastKnownFileType = text.plist.xml; path = Info.plist; sourceTree = "<group>"; };
		4E8EF38519F95D75009CBF5D /* KeyboardFramework.h */ = {isa = PBXFileReference; lastKnownFileType = sourcecode.c.h; path = KeyboardFramework.h; sourceTree = "<group>"; };
		4EC2A46919DF811E00F789E1 /* KeyboardViewController.swift */ = {isa = PBXFileReference; fileEncoding = 4; lastKnownFileType = sourcecode.swift; path = KeyboardViewController.swift; sourceTree = "<group>"; };
		4EC2A46A19DF811E00F789E1 /* KeyboardLayout.swift */ = {isa = PBXFileReference; fileEncoding = 4; lastKnownFileType = sourcecode.swift; path = KeyboardLayout.swift; sourceTree = "<group>"; };
		4EC2A46C19DF811E00F789E1 /* ForwardingView.swift */ = {isa = PBXFileReference; fileEncoding = 4; lastKnownFileType = sourcecode.swift; path = ForwardingView.swift; sourceTree = "<group>"; };
		4ECBD90119F16DC7004FA2A3 /* KeyboardBuilder.swift */ = {isa = PBXFileReference; fileEncoding = 4; lastKnownFileType = sourcecode.swift; path = KeyboardBuilder.swift; sourceTree = "<group>"; };
		4EE7599A19F75A0D00B4E6ED /* Utilities.swift */ = {isa = PBXFileReference; fileEncoding = 4; lastKnownFileType = sourcecode.swift; path = Utilities.swift; sourceTree = "<group>"; };
		4EEFD78819E0DC6B004D4974 /* Banner.swift */ = {isa = PBXFileReference; fileEncoding = 4; lastKnownFileType = sourcecode.swift; path = Banner.swift; sourceTree = "<group>"; };
		4EEFD78A19E0DF15004D4974 /* Shapes.swift */ = {isa = PBXFileReference; fileEncoding = 4; lastKnownFileType = sourcecode.swift; path = Shapes.swift; sourceTree = "<group>"; };
		4EF16F9219D254EA0076AFCB /* Info.plist */ = {isa = PBXFileReference; fileEncoding = 4; lastKnownFileType = text.plist.xml; path = Info.plist; sourceTree = "<group>"; };
		4EF16F9319D255030076AFCB /* Images.xcassets */ = {isa = PBXFileReference; lastKnownFileType = folder.assetcatalog; path = Images.xcassets; sourceTree = "<group>"; };
		4EF16F9519D255030076AFCB /* InstallViewController.swift */ = {isa = PBXFileReference; fileEncoding = 4; lastKnownFileType = sourcecode.swift; path = InstallViewController.swift; sourceTree = "<group>"; };
		4EF16F9A19D2550D0076AFCB /* AppDelegate.swift */ = {isa = PBXFileReference; fileEncoding = 4; lastKnownFileType = sourcecode.swift; path = AppDelegate.swift; sourceTree = "<group>"; };
/* End PBXFileReference section */

/* Begin PBXFrameworksBuildPhase section */
		4E807D9019461D9000D875D1 /* Frameworks */ = {
			isa = PBXFrameworksBuildPhase;
			buildActionMask = 2147483647;
			files = (
				4E8EF39819F95D75009CBF5D /* KeyboardFramework.framework in Frameworks */,
			);
			runOnlyForDeploymentPostprocessing = 0;
		};
		4E807DB619461DC700D875D1 /* Frameworks */ = {
			isa = PBXFrameworksBuildPhase;
			buildActionMask = 2147483647;
			files = (
				4E8EF3A019F95D93009CBF5D /* KeyboardFramework.framework in Frameworks */,
			);
			runOnlyForDeploymentPostprocessing = 0;
		};
		4E8EF37D19F95D74009CBF5D /* Frameworks */ = {
			isa = PBXFrameworksBuildPhase;
			buildActionMask = 2147483647;
			files = (
			);
			runOnlyForDeploymentPostprocessing = 0;
		};
/* End PBXFrameworksBuildPhase section */

/* Begin PBXGroup section */
		00D05C6E1C2C826B005D5444 /* CYRKeyboardButton */ = {
			isa = PBXGroup;
			children = (
				00D05C651C2C8246005D5444 /* CYRKeyboardButton.h */,
				00D05C661C2C8246005D5444 /* CYRKeyboardButton.m */,
				00D05C671C2C8246005D5444 /* CYRKeyboardButtonView.h */,
				00D05C681C2C8246005D5444 /* CYRKeyboardButtonView.m */,
				00D05C691C2C8246005D5444 /* TurtleBezierPath.h */,
				00D05C6A1C2C8246005D5444 /* TurtleBezierPath.m */,
			);
			name = CYRKeyboardButton;
			sourceTree = "<group>";
		};
		4E6AEE4F19D2484B00931E8F /* Views */ = {
			isa = PBXGroup;
			children = (
				4E807DC81946209600D875D1 /* KeyboardKey.swift */,
				4E52A6D11A06A61F006A08CE /* ImageKey.swift */,
				4E60A1391979FA5C00854CC8 /* KeyboardKeyBackground.swift */,
				4E60A13B1979FA8E00854CC8 /* KeyboardConnector.swift */,
				4E52A6D31A06A626006A08CE /* ExtraView.swift */,
				4E52A6D71A06C16C006A08CE /* DefaultSettings.swift */,
				4E52A6D91A06C198006A08CE /* DefaultSettings.xib */,
				4EEFD78A19E0DF15004D4974 /* Shapes.swift */,
			);
			name = Views;
			sourceTree = "<group>";
		};
		4E6AEE5019D2486900931E8F /* Model */ = {
			isa = PBXGroup;
			children = (
				4E5B67A1196E03B700114361 /* KeyboardModel.swift */,
				4ECBD90119F16DC7004FA2A3 /* KeyboardBuilder.swift */,
				4E60A13D1979FB2E00854CC8 /* DirectionEnum.swift */,
			);
			name = Model;
			sourceTree = "<group>";
		};
		4E6AEE5219D2488B00931E8F /* Controller */ = {
			isa = PBXGroup;
			children = (
				4EC2A46919DF811E00F789E1 /* KeyboardViewController.swift */,
				4E3B5A931A0654A8003366F6 /* KeyboardInputTraits.swift */,
				4EC2A46A19DF811E00F789E1 /* KeyboardLayout.swift */,
				4EC2A46C19DF811E00F789E1 /* ForwardingView.swift */,
			);
			name = Controller;
			sourceTree = "<group>";
		};
		4E6AEE5319D2489C00931E8F /* AN-Languages */ = {
			isa = PBXGroup;
			children = (
				4E6AEE4B19D246D700931E8F /* AN-Languages.swift */,
				4EEFD78819E0DC6B004D4974 /* Banner.swift */,
			);
			name = "AN-Languages";
			sourceTree = "<group>";
		};
		4E7CDF901A079E3E0015BB90 /* KeyboardSound */ = {
			isa = PBXGroup;
			children = (
				4E7CDF911A079E3E0015BB90 /* Supporting Files */,
			);
			path = KeyboardSound;
			sourceTree = "<group>";
		};
		4E7CDF911A079E3E0015BB90 /* Supporting Files */ = {
			isa = PBXGroup;
			children = (
				4E7CDF921A079E3E0015BB90 /* Info.plist */,
			);
			name = "Supporting Files";
			sourceTree = "<group>";
		};
		4E807D8A19461D9000D875D1 = {
			isa = PBXGroup;
			children = (
				4E807D9519461D9000D875D1 /* HostingApp */,
				4E807DBA19461DC700D875D1 /* Keyboard */,
				4E8EF38219F95D75009CBF5D /* KeyboardFramework */,
				4E7CDF901A079E3E0015BB90 /* KeyboardSound */,
				4E807D9419461D9000D875D1 /* Products */,
			);
			sourceTree = "<group>";
		};
		4E807D9419461D9000D875D1 /* Products */ = {
			isa = PBXGroup;
			children = (
				4E807D9319461D9000D875D1 /* AN-Languages.app */,
				4E807DB919461DC700D875D1 /* Keyboard.appex */,
				4E8EF38119F95D74009CBF5D /* KeyboardFramework.framework */,
			);
			name = Products;
			sourceTree = "<group>";
		};
		4E807D9519461D9000D875D1 /* HostingApp */ = {
			isa = PBXGroup;
			children = (
				00EFFCBD1C29E651000BC823 /* Main.storyboard */,
				4EF16F9A19D2550D0076AFCB /* AppDelegate.swift */,
				4EF16F9519D255030076AFCB /* InstallViewController.swift */,
				0000C48E1BC9D0740097A1F9 /* AboutViewController.swift */,
				0000C4921BC9D9AC0097A1F9 /* InstructionsViewController.swift */,
				4EF16F9319D255030076AFCB /* Images.xcassets */,
				4E807D9619461D9000D875D1 /* Supporting Files */,
			);
			path = HostingApp;
			sourceTree = "<group>";
		};
		4E807D9619461D9000D875D1 /* Supporting Files */ = {
			isa = PBXGroup;
			children = (
				0022CE591C3638A800CD7541 /* background.png */,
				4EF16F9219D254EA0076AFCB /* Info.plist */,
			);
			name = "Supporting Files";
			sourceTree = "<group>";
		};
		4E807DBA19461DC700D875D1 /* Keyboard */ = {
			isa = PBXGroup;
			children = (
				00D05C641C2C8245005D5444 /* Keyboard-Bridging-Header.h */,
				00D05C6E1C2C826B005D5444 /* CYRKeyboardButton */,
				4E6AEE5219D2488B00931E8F /* Controller */,
				4E6AEE5019D2486900931E8F /* Model */,
				4E6AEE4F19D2484B00931E8F /* Views */,
				4EE7599519F759F300B4E6ED /* Utility */,
				4E6AEE5319D2489C00931E8F /* AN-Languages */,
				4E807DBB19461DC700D875D1 /* Supporting Files */,
				4E52A6D51A06BADA006A08CE /* Media.xcassets */,
			);
			path = Keyboard;
			sourceTree = "<group>";
		};
		4E807DBB19461DC700D875D1 /* Supporting Files */ = {
			isa = PBXGroup;
			children = (
				00EFFCC51C29EC73000BC823 /* Localizable.strings */,
				4E807DBC19461DC700D875D1 /* Info.plist */,
				0002D5A11D0A0BCC00264BD2 /* Ahtna.plist */,
				00B860B61C71576B00C8A47A /* DegXinag.plist */,
				00B860B21C71437200C8A47A /* Dena'ina.plist */,
				0002D5A31D0A0C5700264BD2 /* Eyak.plist */,
				0002D5A51D0A0D4900264BD2 /* Gwichin.plist */,
				00B860AE1C71043900C8A47A /* Haida.plist */,
				0002D5A71D0A0E2C00264BD2 /* Han.plist */,
				0002D5A91D0A0F7300264BD2 /* Holikachunk.plist */,
				00FC83D01C70712900FB2883 /* Inupiaq.plist */,
				0002D5B51D0A124900264BD2 /* Kusko(Upper).plist */,
				0002D5AB1D0A0F9A00264BD2 /* Koyukon.plist */,
				0002D5AD1D0A0FDE00264BD2 /* Smalgyax_Tsimshian.plist */,
				0002D5AF1D0A10E100264BD2 /* Sugtstun_Sugpiaq_Alutiiq.plist */,
				0002D5B31D0A117C00264BD2 /* Tanacross.plist */,
				0002D5B11D0A112400264BD2 /* Tanana(Lower).plist */,
				0002D5B71D0A128A00264BD2 /* Tanana(Upper).plist */,
				00B860B01C71424600C8A47A /* Tlingit.plist */,
				00B860B41C71572600C8A47A /* Unangan.plist */,
			);
			name = "Supporting Files";
			sourceTree = "<group>";
		};
		4E8EF38219F95D75009CBF5D /* KeyboardFramework */ = {
			isa = PBXGroup;
			children = (
				4E8EF38519F95D75009CBF5D /* KeyboardFramework.h */,
				4E8EF38319F95D75009CBF5D /* Supporting Files */,
			);
			path = KeyboardFramework;
			sourceTree = "<group>";
		};
		4E8EF38319F95D75009CBF5D /* Supporting Files */ = {
			isa = PBXGroup;
			children = (
				4E8EF38419F95D75009CBF5D /* Info.plist */,
			);
			name = "Supporting Files";
			sourceTree = "<group>";
		};
		4EE7599519F759F300B4E6ED /* Utility */ = {
			isa = PBXGroup;
			children = (
				4EE7599A19F75A0D00B4E6ED /* Utilities.swift */,
			);
			name = Utility;
			sourceTree = "<group>";
		};
/* End PBXGroup section */

/* Begin PBXHeadersBuildPhase section */
		4E8EF37E19F95D74009CBF5D /* Headers */ = {
			isa = PBXHeadersBuildPhase;
			buildActionMask = 2147483647;
			files = (
				4E8EF38619F95D75009CBF5D /* KeyboardFramework.h in Headers */,
			);
			runOnlyForDeploymentPostprocessing = 0;
		};
/* End PBXHeadersBuildPhase section */

/* Begin PBXNativeTarget section */
		4E807D9219461D9000D875D1 /* AN-Languages */ = {
			isa = PBXNativeTarget;
			buildConfigurationList = 4E807DAF19461D9000D875D1 /* Build configuration list for PBXNativeTarget "AN-Languages" */;
			buildPhases = (
				4E807D8F19461D9000D875D1 /* Sources */,
				4E807D9019461D9000D875D1 /* Frameworks */,
				4E807D9119461D9000D875D1 /* Resources */,
				4E807DC719461DC700D875D1 /* Embed App Extensions */,
				4E5B67C4196E07B300114361 /* Embed Frameworks */,
			);
			buildRules = (
			);
			dependencies = (
				4E807DC019461DC700D875D1 /* PBXTargetDependency */,
				4E807DC319461DC700D875D1 /* PBXTargetDependency */,
				4E8EF39719F95D75009CBF5D /* PBXTargetDependency */,
			);
			name = "AN-Languages";
			productName = TastyImitationKeyboard;
			productReference = 4E807D9319461D9000D875D1 /* AN-Languages.app */;
			productType = "com.apple.product-type.application";
		};
		4E807DB819461DC700D875D1 /* Keyboard */ = {
			isa = PBXNativeTarget;
			buildConfigurationList = 4E807DC419461DC700D875D1 /* Build configuration list for PBXNativeTarget "Keyboard" */;
			buildPhases = (
				4E807DB519461DC700D875D1 /* Sources */,
				4E807DB619461DC700D875D1 /* Frameworks */,
				4E807DB719461DC700D875D1 /* Resources */,
			);
			buildRules = (
			);
			dependencies = (
				4E8EF3A219F95D9C009CBF5D /* PBXTargetDependency */,
			);
			name = Keyboard;
			productName = Keyboard;
			productReference = 4E807DB919461DC700D875D1 /* Keyboard.appex */;
			productType = "com.apple.product-type.app-extension";
		};
		4E8EF38019F95D74009CBF5D /* KeyboardFramework */ = {
			isa = PBXNativeTarget;
			buildConfigurationList = 4E8EF39A19F95D75009CBF5D /* Build configuration list for PBXNativeTarget "KeyboardFramework" */;
			buildPhases = (
				4E8EF37C19F95D74009CBF5D /* Sources */,
				4E8EF37D19F95D74009CBF5D /* Frameworks */,
				4E8EF37E19F95D74009CBF5D /* Headers */,
				4E8EF37F19F95D74009CBF5D /* Resources */,
			);
			buildRules = (
			);
			dependencies = (
			);
			name = KeyboardFramework;
			productName = KeyboardFramework;
			productReference = 4E8EF38119F95D74009CBF5D /* KeyboardFramework.framework */;
			productType = "com.apple.product-type.framework";
		};
/* End PBXNativeTarget section */

/* Begin PBXProject section */
		4E807D8B19461D9000D875D1 /* Project object */ = {
			isa = PBXProject;
			attributes = {
				LastSwiftUpdateCheck = 0720;
				LastUpgradeCheck = 0700;
				ORGANIZATIONNAME = Apple;
				TargetAttributes = {
					4E807D9219461D9000D875D1 = {
						CreatedOnToolsVersion = 6.0;
						DevelopmentTeam = BJCRSVSMSG;
					};
					4E807DB819461DC700D875D1 = {
						CreatedOnToolsVersion = 6.0;
						DevelopmentTeam = BJCRSVSMSG;
					};
					4E8EF38019F95D74009CBF5D = {
						CreatedOnToolsVersion = 6.1;
					};
				};
			};
			buildConfigurationList = 4E807D8E19461D9000D875D1 /* Build configuration list for PBXProject "AN-Languages" */;
			compatibilityVersion = "Xcode 3.2";
			developmentRegion = English;
			hasScannedForEncodings = 0;
			knownRegions = (
				en,
				Base,
			);
			mainGroup = 4E807D8A19461D9000D875D1;
			productRefGroup = 4E807D9419461D9000D875D1 /* Products */;
			projectDirPath = "";
			projectRoot = "";
			targets = (
				4E807D9219461D9000D875D1 /* AN-Languages */,
				4E807DB819461DC700D875D1 /* Keyboard */,
				4E8EF38019F95D74009CBF5D /* KeyboardFramework */,
			);
		};
/* End PBXProject section */

/* Begin PBXResourcesBuildPhase section */
		4E807D9119461D9000D875D1 /* Resources */ = {
			isa = PBXResourcesBuildPhase;
			buildActionMask = 2147483647;
			files = (
				00EFFCBF1C29E651000BC823 /* Main.storyboard in Resources */,
				0022CE5A1C3638A800CD7541 /* background.png in Resources */,
				4EF16F9619D255030076AFCB /* Images.xcassets in Resources */,
			);
			runOnlyForDeploymentPostprocessing = 0;
		};
		4E807DB719461DC700D875D1 /* Resources */ = {
			isa = PBXResourcesBuildPhase;
			buildActionMask = 2147483647;
			files = (
				0002D5A61D0A0D4900264BD2 /* Gwichin.plist in Resources */,
				4E52A6DA1A06C198006A08CE /* DefaultSettings.xib in Resources */,
				00B860B71C71576B00C8A47A /* DegXinag.plist in Resources */,
				00EFFCC31C29EC73000BC823 /* Localizable.strings in Resources */,
				0002D5AA1D0A0F7300264BD2 /* Holikachunk.plist in Resources */,
				0002D5B81D0A128A00264BD2 /* Tanana(Upper).plist in Resources */,
				00FC83D11C70712900FB2883 /* Inupiaq.plist in Resources */,
				00B860B31C71437200C8A47A /* Dena'ina.plist in Resources */,
				0002D5AE1D0A0FDE00264BD2 /* Smalgyax_Tsimshian.plist in Resources */,
				0002D5B41D0A117C00264BD2 /* Tanacross.plist in Resources */,
				0002D5B21D0A112400264BD2 /* Tanana(Lower).plist in Resources */,
				4E52A6D61A06BADA006A08CE /* Media.xcassets in Resources */,
				00B860B11C71424600C8A47A /* Tlingit.plist in Resources */,
				00B860AF1C71043900C8A47A /* Haida.plist in Resources */,
				0002D5A21D0A0BCC00264BD2 /* Ahtna.plist in Resources */,
				0002D5B01D0A10E100264BD2 /* Sugtstun_Sugpiaq_Alutiiq.plist in Resources */,
				0002D5A41D0A0C5700264BD2 /* Eyak.plist in Resources */,
				00B860B51C71572600C8A47A /* Unangan.plist in Resources */,
				0002D5A81D0A0E2C00264BD2 /* Han.plist in Resources */,
				0002D5B61D0A124900264BD2 /* Kusko(Upper).plist in Resources */,
				0002D5AC1D0A0F9A00264BD2 /* Koyukon.plist in Resources */,
			);
			runOnlyForDeploymentPostprocessing = 0;
		};
		4E8EF37F19F95D74009CBF5D /* Resources */ = {
			isa = PBXResourcesBuildPhase;
			buildActionMask = 2147483647;
			files = (
			);
			runOnlyForDeploymentPostprocessing = 0;
		};
/* End PBXResourcesBuildPhase section */

/* Begin PBXSourcesBuildPhase section */
		4E807D8F19461D9000D875D1 /* Sources */ = {
			isa = PBXSourcesBuildPhase;
			buildActionMask = 2147483647;
			files = (
				0000C4931BC9D9AC0097A1F9 /* InstructionsViewController.swift in Sources */,
				0000C48F1BC9D0740097A1F9 /* AboutViewController.swift in Sources */,
				4EF16F9B19D2550D0076AFCB /* AppDelegate.swift in Sources */,
				4EF16F9819D255030076AFCB /* InstallViewController.swift in Sources */,
			);
			runOnlyForDeploymentPostprocessing = 0;
		};
		4E807DB519461DC700D875D1 /* Sources */ = {
			isa = PBXSourcesBuildPhase;
			buildActionMask = 2147483647;
			files = (
				4E52A6D21A06A61F006A08CE /* ImageKey.swift in Sources */,
				4E52A6D41A06A626006A08CE /* ExtraView.swift in Sources */,
				4EC2A47019DF811E00F789E1 /* ForwardingView.swift in Sources */,
				4EC2A46E19DF811E00F789E1 /* KeyboardLayout.swift in Sources */,
				4E60A13A1979FA5C00854CC8 /* KeyboardKeyBackground.swift in Sources */,
				4E5B67A2196E03B700114361 /* KeyboardModel.swift in Sources */,
				4E60A13C1979FA8E00854CC8 /* KeyboardConnector.swift in Sources */,
				4E00A6E5197183EE009414F2 /* KeyboardKey.swift in Sources */,
				4EEFD78919E0DC6B004D4974 /* Banner.swift in Sources */,
				4EE7599B19F75A0D00B4E6ED /* Utilities.swift in Sources */,
				4EEFD78B19E0DF15004D4974 /* Shapes.swift in Sources */,
				4ECBD90219F16DC7004FA2A3 /* KeyboardBuilder.swift in Sources */,
				4E3B5A941A0654A8003366F6 /* KeyboardInputTraits.swift in Sources */,
				4E52A6D81A06C16C006A08CE /* DefaultSettings.swift in Sources */,
				4E72C96819E04A7A00DFDDB0 /* AN-Languages.swift in Sources */,
				00D05C6B1C2C8246005D5444 /* CYRKeyboardButton.m in Sources */,
				4E60A13E1979FB2E00854CC8 /* DirectionEnum.swift in Sources */,
				4EC2A46D19DF811E00F789E1 /* KeyboardViewController.swift in Sources */,
				00D05C6C1C2C8246005D5444 /* CYRKeyboardButtonView.m in Sources */,
				00D05C6D1C2C8246005D5444 /* TurtleBezierPath.m in Sources */,
			);
			runOnlyForDeploymentPostprocessing = 0;
		};
		4E8EF37C19F95D74009CBF5D /* Sources */ = {
			isa = PBXSourcesBuildPhase;
			buildActionMask = 2147483647;
			files = (
			);
			runOnlyForDeploymentPostprocessing = 0;
		};
/* End PBXSourcesBuildPhase section */

/* Begin PBXTargetDependency section */
		4E807DC019461DC700D875D1 /* PBXTargetDependency */ = {
			isa = PBXTargetDependency;
			target = 4E807DB819461DC700D875D1 /* Keyboard */;
			targetProxy = 4E807DBF19461DC700D875D1 /* PBXContainerItemProxy */;
		};
		4E807DC319461DC700D875D1 /* PBXTargetDependency */ = {
			isa = PBXTargetDependency;
			target = 4E807DB819461DC700D875D1 /* Keyboard */;
			targetProxy = 4E807DC219461DC700D875D1 /* PBXContainerItemProxy */;
		};
		4E8EF39719F95D75009CBF5D /* PBXTargetDependency */ = {
			isa = PBXTargetDependency;
			target = 4E8EF38019F95D74009CBF5D /* KeyboardFramework */;
			targetProxy = 4E8EF39619F95D75009CBF5D /* PBXContainerItemProxy */;
		};
		4E8EF3A219F95D9C009CBF5D /* PBXTargetDependency */ = {
			isa = PBXTargetDependency;
			target = 4E8EF38019F95D74009CBF5D /* KeyboardFramework */;
			targetProxy = 4E8EF3A119F95D9C009CBF5D /* PBXContainerItemProxy */;
		};
/* End PBXTargetDependency section */

/* Begin PBXVariantGroup section */
		00EFFCBD1C29E651000BC823 /* Main.storyboard */ = {
			isa = PBXVariantGroup;
			children = (
				00EFFCBE1C29E651000BC823 /* Base */,
			);
			name = Main.storyboard;
			path = ..;
			sourceTree = "<group>";
		};
		00EFFCC51C29EC73000BC823 /* Localizable.strings */ = {
			isa = PBXVariantGroup;
			children = (
				00D05C6F1C2CDFD9005D5444 /* Base */,
			);
			name = Localizable.strings;
			sourceTree = "<group>";
		};
/* End PBXVariantGroup section */

/* Begin XCBuildConfiguration section */
		4E807DAD19461D9000D875D1 /* Debug */ = {
			isa = XCBuildConfiguration;
			buildSettings = {
				ALWAYS_SEARCH_USER_PATHS = NO;
				CLANG_CXX_LANGUAGE_STANDARD = "gnu++0x";
				CLANG_CXX_LIBRARY = "libc++";
				CLANG_ENABLE_MODULES = YES;
				CLANG_ENABLE_OBJC_ARC = YES;
				CLANG_WARN_BOOL_CONVERSION = YES;
				CLANG_WARN_CONSTANT_CONVERSION = YES;
				CLANG_WARN_DIRECT_OBJC_ISA_USAGE = YES_ERROR;
				CLANG_WARN_EMPTY_BODY = YES;
				CLANG_WARN_ENUM_CONVERSION = YES;
				CLANG_WARN_INT_CONVERSION = YES;
				CLANG_WARN_OBJC_ROOT_CLASS = YES_ERROR;
				CLANG_WARN_UNREACHABLE_CODE = YES;
				CLANG_WARN__DUPLICATE_METHOD_MATCH = YES;
				"CODE_SIGN_IDENTITY[sdk=iphoneos*]" = "iPhone Developer";
				COPY_PHASE_STRIP = NO;
				ENABLE_STRICT_OBJC_MSGSEND = YES;
				ENABLE_TESTABILITY = YES;
				GCC_C_LANGUAGE_STANDARD = gnu99;
				GCC_DYNAMIC_NO_PIC = NO;
				GCC_PREPROCESSOR_DEFINITIONS = (
					"DEBUG=1",
					"$(inherited)",
				);
				GCC_SYMBOLS_PRIVATE_EXTERN = NO;
				GCC_WARN_64_TO_32_BIT_CONVERSION = YES;
				GCC_WARN_ABOUT_RETURN_TYPE = YES_ERROR;
				GCC_WARN_UNDECLARED_SELECTOR = YES;
				GCC_WARN_UNINITIALIZED_AUTOS = YES_AGGRESSIVE;
				GCC_WARN_UNUSED_FUNCTION = YES;
				GCC_WARN_UNUSED_VARIABLE = YES;
				IPHONEOS_DEPLOYMENT_TARGET = 8.0;
				METAL_ENABLE_DEBUG_INFO = YES;
				ONLY_ACTIVE_ARCH = YES;
				PRODUCT_BUNDLE_IDENTIFIER = GrantMagdanz.InupiaqKeyboard;
				SDKROOT = iphoneos;
				SWIFT_OPTIMIZATION_LEVEL = "-Onone";
				TARGETED_DEVICE_FAMILY = 1;
			};
			name = Debug;
		};
		4E807DAE19461D9000D875D1 /* Release */ = {
			isa = XCBuildConfiguration;
			buildSettings = {
				ALWAYS_SEARCH_USER_PATHS = NO;
				CLANG_CXX_LANGUAGE_STANDARD = "gnu++0x";
				CLANG_CXX_LIBRARY = "libc++";
				CLANG_ENABLE_MODULES = YES;
				CLANG_ENABLE_OBJC_ARC = YES;
				CLANG_WARN_BOOL_CONVERSION = YES;
				CLANG_WARN_CONSTANT_CONVERSION = YES;
				CLANG_WARN_DIRECT_OBJC_ISA_USAGE = YES_ERROR;
				CLANG_WARN_EMPTY_BODY = YES;
				CLANG_WARN_ENUM_CONVERSION = YES;
				CLANG_WARN_INT_CONVERSION = YES;
				CLANG_WARN_OBJC_ROOT_CLASS = YES_ERROR;
				CLANG_WARN_UNREACHABLE_CODE = YES;
				CLANG_WARN__DUPLICATE_METHOD_MATCH = YES;
				"CODE_SIGN_IDENTITY[sdk=iphoneos*]" = "iPhone Developer";
				COPY_PHASE_STRIP = YES;
				ENABLE_NS_ASSERTIONS = NO;
				ENABLE_STRICT_OBJC_MSGSEND = YES;
				GCC_C_LANGUAGE_STANDARD = gnu99;
				GCC_WARN_64_TO_32_BIT_CONVERSION = YES;
				GCC_WARN_ABOUT_RETURN_TYPE = YES_ERROR;
				GCC_WARN_UNDECLARED_SELECTOR = YES;
				GCC_WARN_UNINITIALIZED_AUTOS = YES_AGGRESSIVE;
				GCC_WARN_UNUSED_FUNCTION = YES;
				GCC_WARN_UNUSED_VARIABLE = YES;
				IPHONEOS_DEPLOYMENT_TARGET = 8.0;
				METAL_ENABLE_DEBUG_INFO = NO;
				PRODUCT_BUNDLE_IDENTIFIER = GrantMagdanz.InupiaqKeyboard;
				SDKROOT = iphoneos;
				SWIFT_OPTIMIZATION_LEVEL = "-O";
				TARGETED_DEVICE_FAMILY = 1;
				VALIDATE_PRODUCT = YES;
			};
			name = Release;
		};
		4E807DB019461D9000D875D1 /* Debug */ = {
			isa = XCBuildConfiguration;
			buildSettings = {
				ASSETCATALOG_COMPILER_APPICON_NAME = AppIcon;
				ASSETCATALOG_COMPILER_LAUNCHIMAGE_NAME = LaunchImage;
				CODE_SIGN_IDENTITY = "iPhone Developer";
				EMBEDDED_CONTENT_CONTAINS_SWIFT = YES;
				INFOPLIST_FILE = HostingApp/Info.plist;
				LD_RUNPATH_SEARCH_PATHS = "$(inherited) @executable_path/Frameworks";
				PRODUCT_BUNDLE_IDENTIFIER = "GrantMagdanz.AN-Languages";
				PRODUCT_NAME = "AN-Languages";
			};
			name = Debug;
		};
		4E807DB119461D9000D875D1 /* Release */ = {
			isa = XCBuildConfiguration;
			buildSettings = {
				ASSETCATALOG_COMPILER_APPICON_NAME = AppIcon;
				ASSETCATALOG_COMPILER_LAUNCHIMAGE_NAME = LaunchImage;
				CODE_SIGN_IDENTITY = "iPhone Developer";
				EMBEDDED_CONTENT_CONTAINS_SWIFT = YES;
				INFOPLIST_FILE = HostingApp/Info.plist;
				LD_RUNPATH_SEARCH_PATHS = "$(inherited) @executable_path/Frameworks";
				PRODUCT_BUNDLE_IDENTIFIER = "GrantMagdanz.AN-Languages";
				PRODUCT_NAME = "AN-Languages";
			};
			name = Release;
		};
		4E807DC519461DC700D875D1 /* Debug */ = {
			isa = XCBuildConfiguration;
			buildSettings = {
				CLANG_ENABLE_MODULES = YES;
				CODE_SIGN_IDENTITY = "iPhone Developer";
				"CODE_SIGN_IDENTITY[sdk=iphoneos*]" = "iPhone Developer";
				INFOPLIST_FILE = Keyboard/Info.plist;
				LD_RUNPATH_SEARCH_PATHS = "$(inherited) @executable_path/Frameworks @executable_path/../../Frameworks";
				PRODUCT_BUNDLE_IDENTIFIER = "GrantMagdanz.AN-Languages.Keyboard";
				PRODUCT_NAME = Keyboard;
				PROVISIONING_PROFILE = "";
				SKIP_INSTALL = YES;
				SWIFT_OBJC_BRIDGING_HEADER = "Keyboard/Keyboard-Bridging-Header.h";
			};
			name = Debug;
		};
		4E807DC619461DC700D875D1 /* Release */ = {
			isa = XCBuildConfiguration;
			buildSettings = {
				CLANG_ENABLE_MODULES = YES;
				CODE_SIGN_IDENTITY = "iPhone Developer";
				"CODE_SIGN_IDENTITY[sdk=iphoneos*]" = "iPhone Developer";
				INFOPLIST_FILE = Keyboard/Info.plist;
				LD_RUNPATH_SEARCH_PATHS = "$(inherited) @executable_path/Frameworks @executable_path/../../Frameworks";
				PRODUCT_BUNDLE_IDENTIFIER = "GrantMagdanz.AN-Languages.Keyboard";
				PRODUCT_NAME = Keyboard;
				PROVISIONING_PROFILE = "";
				SKIP_INSTALL = YES;
				SWIFT_OBJC_BRIDGING_HEADER = "Keyboard/Keyboard-Bridging-Header.h";
			};
			name = Release;
		};
		4E8EF39B19F95D75009CBF5D /* Debug */ = {
			isa = XCBuildConfiguration;
			buildSettings = {
				APPLICATION_EXTENSION_API_ONLY = YES;
				CODE_SIGN_IDENTITY = "iPhone Developer";
				CURRENT_PROJECT_VERSION = 1;
				DEFINES_MODULE = YES;
				DYLIB_COMPATIBILITY_VERSION = 1;
				DYLIB_CURRENT_VERSION = 1;
				DYLIB_INSTALL_NAME_BASE = "@rpath";
				GCC_OPTIMIZATION_LEVEL = 0;
				GCC_PREPROCESSOR_DEFINITIONS = (
					"DEBUG=1",
					"$(inherited)",
				);
				INFOPLIST_FILE = KeyboardFramework/Info.plist;
				INSTALL_PATH = "$(LOCAL_LIBRARY_DIR)/Frameworks";
				IPHONEOS_DEPLOYMENT_TARGET = 8.0;
				LD_RUNPATH_SEARCH_PATHS = "$(inherited) @executable_path/Frameworks @loader_path/Frameworks";
				MTL_ENABLE_DEBUG_INFO = YES;
				PRODUCT_BUNDLE_IDENTIFIER = "GrantMagdanz.$(PRODUCT_NAME:rfc1034identifier)";
				PRODUCT_NAME = "$(TARGET_NAME)";
				SKIP_INSTALL = YES;
				TARGETED_DEVICE_FAMILY = 1;
				VERSIONING_SYSTEM = "apple-generic";
				VERSION_INFO_PREFIX = "";
			};
			name = Debug;
		};
		4E8EF39C19F95D75009CBF5D /* Release */ = {
			isa = XCBuildConfiguration;
			buildSettings = {
				APPLICATION_EXTENSION_API_ONLY = YES;
				CODE_SIGN_IDENTITY = "iPhone Developer";
				CURRENT_PROJECT_VERSION = 1;
				DEFINES_MODULE = YES;
				DYLIB_COMPATIBILITY_VERSION = 1;
				DYLIB_CURRENT_VERSION = 1;
				DYLIB_INSTALL_NAME_BASE = "@rpath";
				INFOPLIST_FILE = KeyboardFramework/Info.plist;
				INSTALL_PATH = "$(LOCAL_LIBRARY_DIR)/Frameworks";
				IPHONEOS_DEPLOYMENT_TARGET = 8.0;
				LD_RUNPATH_SEARCH_PATHS = "$(inherited) @executable_path/Frameworks @loader_path/Frameworks";
				MTL_ENABLE_DEBUG_INFO = NO;
				PRODUCT_BUNDLE_IDENTIFIER = "GrantMagdanz.$(PRODUCT_NAME:rfc1034identifier)";
				PRODUCT_NAME = "$(TARGET_NAME)";
				SKIP_INSTALL = YES;
				TARGETED_DEVICE_FAMILY = 1;
				VERSIONING_SYSTEM = "apple-generic";
				VERSION_INFO_PREFIX = "";
			};
			name = Release;
		};
/* End XCBuildConfiguration section */

/* Begin XCConfigurationList section */
		4E807D8E19461D9000D875D1 /* Build configuration list for PBXProject "AN-Languages" */ = {
			isa = XCConfigurationList;
			buildConfigurations = (
				4E807DAD19461D9000D875D1 /* Debug */,
				4E807DAE19461D9000D875D1 /* Release */,
			);
			defaultConfigurationIsVisible = 0;
			defaultConfigurationName = Release;
		};
		4E807DAF19461D9000D875D1 /* Build configuration list for PBXNativeTarget "AN-Languages" */ = {
			isa = XCConfigurationList;
			buildConfigurations = (
				4E807DB019461D9000D875D1 /* Debug */,
				4E807DB119461D9000D875D1 /* Release */,
			);
			defaultConfigurationIsVisible = 0;
			defaultConfigurationName = Release;
		};
		4E807DC419461DC700D875D1 /* Build configuration list for PBXNativeTarget "Keyboard" */ = {
			isa = XCConfigurationList;
			buildConfigurations = (
				4E807DC519461DC700D875D1 /* Debug */,
				4E807DC619461DC700D875D1 /* Release */,
			);
			defaultConfigurationIsVisible = 0;
			defaultConfigurationName = Release;
		};
		4E8EF39A19F95D75009CBF5D /* Build configuration list for PBXNativeTarget "KeyboardFramework" */ = {
			isa = XCConfigurationList;
			buildConfigurations = (
				4E8EF39B19F95D75009CBF5D /* Debug */,
				4E8EF39C19F95D75009CBF5D /* Release */,
			);
			defaultConfigurationIsVisible = 0;
			defaultConfigurationName = Release;
		};
/* End XCConfigurationList section */
	};
	rootObject = 4E807D8B19461D9000D875D1 /* Project object */;
}
